
Microsoft Visual Studio Solution File, Format Version 12.00
# Visual Studio Version 17
VisualStudioVersion = 17.2.32317.152
MinimumVisualStudioVersion = 10.0.40219.1
Project("{FAE04EC0-301F-11D3-BF4B-00C04F79EFBC}") = "SpotifyButton", "SpotifyButton\SpotifyButton.csproj", "{F4210A96-9563-45E1-86E6-88BE9830E2BF}"
EndProject
Global
	GlobalSection(SolutionConfigurationPlatforms) = preSolution
		Debug|Any CPU = Debug|Any CPU
		Release|Any CPU = Release|Any CPU
	EndGlobalSection
	GlobalSection(ProjectConfigurationPlatforms) = postSolution
		{F4210A96-9563-45E1-86E6-88BE9830E2BF}.Debug|Any CPU.ActiveCfg = Debug|Any CPU
		{F4210A96-9563-45E1-86E6-88BE9830E2BF}.Debug|Any CPU.Build.0 = Debug|Any CPU
		{F4210A96-9563-45E1-86E6-88BE9830E2BF}.Release|Any CPU.ActiveCfg = Release|Any CPU
		{F4210A96-9563-45E1-86E6-88BE9830E2BF}.Release|Any CPU.Build.0 = Release|Any CPU
	EndGlobalSection
	GlobalSection(SolutionProperties) = preSolution
		HideSolutionNode = FALSE
	EndGlobalSection
	GlobalSection(ExtensibilityGlobals) = postSolution
		SolutionGuid = {188A09FC-2882-455F-8BAC-FD4A212B8D0E}
	EndGlobalSection
EndGlobal
